
Microsoft Visual Studio Solution File, Format Version 12.00
# Visual Studio Version 16
VisualStudioVersion = 16.0.29306.81
MinimumVisualStudioVersion = 10.0.40219.1
Project("{FAE04EC0-301F-11D3-BF4B-00C04F79EFBC}") = "GramaticasCQL", "GramaticasCQL.csproj", "{4EAA7936-0059-473E-800C-B24EE9C92FC2}"
EndProject
Global
	GlobalSection(SolutionConfigurationPlatforms) = preSolution
		Debug|Any CPU = Debug|Any CPU
		Release|Any CPU = Release|Any CPU
	EndGlobalSection
	GlobalSection(ProjectConfigurationPlatforms) = postSolution
		{4EAA7936-0059-473E-800C-B24EE9C92FC2}.Debug|Any CPU.ActiveCfg = Debug|Any CPU
		{4EAA7936-0059-473E-800C-B24EE9C92FC2}.Debug|Any CPU.Build.0 = Debug|Any CPU
		{4EAA7936-0059-473E-800C-B24EE9C92FC2}.Release|Any CPU.ActiveCfg = Release|Any CPU
		{4EAA7936-0059-473E-800C-B24EE9C92FC2}.Release|Any CPU.Build.0 = Release|Any CPU
	EndGlobalSection
	GlobalSection(SolutionProperties) = preSolution
		HideSolutionNode = FALSE
	EndGlobalSection
	GlobalSection(ExtensibilityGlobals) = postSolution
		SolutionGuid = {252F906E-44F7-4745-B0CA-FD6B59FAAEF5}
	EndGlobalSection
EndGlobal
